
Microsoft Visual Studio Solution File, Format Version 12.00
Project("{FAE04EC0-301F-11D3-BF4B-00C04F79EFBC}") = "openday", "openday\openday.csproj", "{3E931A06-AEC5-4AA4-A122-E5259C80237A}"
EndProject
Global
	GlobalSection(SolutionConfigurationPlatforms) = preSolution
		Debug|Any CPU = Debug|Any CPU
		Release|Any CPU = Release|Any CPU
	EndGlobalSection
	GlobalSection(ProjectConfigurationPlatforms) = postSolution
		{3E931A06-AEC5-4AA4-A122-E5259C80237A}.Debug|Any CPU.ActiveCfg = Debug|Any CPU
		{3E931A06-AEC5-4AA4-A122-E5259C80237A}.Debug|Any CPU.Build.0 = Debug|Any CPU
		{3E931A06-AEC5-4AA4-A122-E5259C80237A}.Release|Any CPU.ActiveCfg = Release|Any CPU
		{3E931A06-AEC5-4AA4-A122-E5259C80237A}.Release|Any CPU.Build.0 = Release|Any CPU
	EndGlobalSection
EndGlobal
